
Microsoft Visual Studio Solution File, Format Version 11.00
# Visual Studio 2010
Project("{FAE04EC0-301F-11D3-BF4B-00C04F79EFBC}") = "COOS Router", "COOS Router\COOS Router.csproj", "{2D6CC6DD-42B2-48FF-907F-0EED416644EB}"
EndProject
Project("{FAE04EC0-301F-11D3-BF4B-00C04F79EFBC}") = "COOS Messaging", "COOS Messaging\COOS Messaging.csproj", "{06D7B690-BC05-4859-A3AE-99AF566D1030}"
EndProject
Project("{FAE04EC0-301F-11D3-BF4B-00C04F79EFBC}") = "Pong Endpoint", "Pong Endpoint\Pong Endpoint.csproj", "{1F61054C-9967-45B0-86F4-B253721A9947}"
EndProject
Global
	GlobalSection(SolutionConfigurationPlatforms) = preSolution
		Debug|Any CPU = Debug|Any CPU
		Debug|Mixed Platforms = Debug|Mixed Platforms
		Debug|x86 = Debug|x86
		Release|Any CPU = Release|Any CPU
		Release|Mixed Platforms = Release|Mixed Platforms
		Release|x86 = Release|x86
	EndGlobalSection
	GlobalSection(ProjectConfigurationPlatforms) = postSolution
		{2D6CC6DD-42B2-48FF-907F-0EED416644EB}.Debug|Any CPU.ActiveCfg = Debug|x86
		{2D6CC6DD-42B2-48FF-907F-0EED416644EB}.Debug|Mixed Platforms.ActiveCfg = Debug|x86
		{2D6CC6DD-42B2-48FF-907F-0EED416644EB}.Debug|Mixed Platforms.Build.0 = Debug|x86
		{2D6CC6DD-42B2-48FF-907F-0EED416644EB}.Debug|x86.ActiveCfg = Debug|x86
		{2D6CC6DD-42B2-48FF-907F-0EED416644EB}.Debug|x86.Build.0 = Debug|x86
		{2D6CC6DD-42B2-48FF-907F-0EED416644EB}.Release|Any CPU.ActiveCfg = Release|x86
		{2D6CC6DD-42B2-48FF-907F-0EED416644EB}.Release|Mixed Platforms.ActiveCfg = Release|x86
		{2D6CC6DD-42B2-48FF-907F-0EED416644EB}.Release|Mixed Platforms.Build.0 = Release|x86
		{2D6CC6DD-42B2-48FF-907F-0EED416644EB}.Release|x86.ActiveCfg = Release|x86
		{2D6CC6DD-42B2-48FF-907F-0EED416644EB}.Release|x86.Build.0 = Release|x86
		{06D7B690-BC05-4859-A3AE-99AF566D1030}.Debug|Any CPU.ActiveCfg = Debug|Any CPU
		{06D7B690-BC05-4859-A3AE-99AF566D1030}.Debug|Any CPU.Build.0 = Debug|Any CPU
		{06D7B690-BC05-4859-A3AE-99AF566D1030}.Debug|Mixed Platforms.ActiveCfg = Debug|Any CPU
		{06D7B690-BC05-4859-A3AE-99AF566D1030}.Debug|Mixed Platforms.Build.0 = Debug|Any CPU
		{06D7B690-BC05-4859-A3AE-99AF566D1030}.Debug|x86.ActiveCfg = Debug|Any CPU
		{06D7B690-BC05-4859-A3AE-99AF566D1030}.Release|Any CPU.ActiveCfg = Release|Any CPU
		{06D7B690-BC05-4859-A3AE-99AF566D1030}.Release|Any CPU.Build.0 = Release|Any CPU
		{06D7B690-BC05-4859-A3AE-99AF566D1030}.Release|Mixed Platforms.ActiveCfg = Release|Any CPU
		{06D7B690-BC05-4859-A3AE-99AF566D1030}.Release|Mixed Platforms.Build.0 = Release|Any CPU
		{06D7B690-BC05-4859-A3AE-99AF566D1030}.Release|x86.ActiveCfg = Release|Any CPU
		{1F61054C-9967-45B0-86F4-B253721A9947}.Debug|Any CPU.ActiveCfg = Debug|Any CPU
		{1F61054C-9967-45B0-86F4-B253721A9947}.Debug|Any CPU.Build.0 = Debug|Any CPU
		{1F61054C-9967-45B0-86F4-B253721A9947}.Debug|Mixed Platforms.ActiveCfg = Debug|Any CPU
		{1F61054C-9967-45B0-86F4-B253721A9947}.Debug|Mixed Platforms.Build.0 = Debug|Any CPU
		{1F61054C-9967-45B0-86F4-B253721A9947}.Debug|x86.ActiveCfg = Debug|Any CPU
		{1F61054C-9967-45B0-86F4-B253721A9947}.Release|Any CPU.ActiveCfg = Release|Any CPU
		{1F61054C-9967-45B0-86F4-B253721A9947}.Release|Any CPU.Build.0 = Release|Any CPU
		{1F61054C-9967-45B0-86F4-B253721A9947}.Release|Mixed Platforms.ActiveCfg = Release|Any CPU
		{1F61054C-9967-45B0-86F4-B253721A9947}.Release|Mixed Platforms.Build.0 = Release|Any CPU
		{1F61054C-9967-45B0-86F4-B253721A9947}.Release|x86.ActiveCfg = Release|Any CPU
	EndGlobalSection
	GlobalSection(SolutionProperties) = preSolution
		HideSolutionNode = FALSE
	EndGlobalSection
EndGlobal
